
Microsoft Visual Studio Solution File, Format Version 12.00
# Visual Studio Version 16
VisualStudioVersion = 16.0.29306.81
MinimumVisualStudioVersion = 10.0.40219.1
Project("{FAE04EC0-301F-11D3-BF4B-00C04F79EFBC}") = "CS342Lab4", "CS342Lab4.csproj", "{DBCF52A8-700B-475A-8A30-C690889B6234}"
EndProject
Global
	GlobalSection(SolutionConfigurationPlatforms) = preSolution
		Debug|Any CPU = Debug|Any CPU
		Release|Any CPU = Release|Any CPU
	EndGlobalSection
	GlobalSection(ProjectConfigurationPlatforms) = postSolution
		{DBCF52A8-700B-475A-8A30-C690889B6234}.Debug|Any CPU.ActiveCfg = Debug|Any CPU
		{DBCF52A8-700B-475A-8A30-C690889B6234}.Debug|Any CPU.Build.0 = Debug|Any CPU
		{DBCF52A8-700B-475A-8A30-C690889B6234}.Release|Any CPU.ActiveCfg = Release|Any CPU
		{DBCF52A8-700B-475A-8A30-C690889B6234}.Release|Any CPU.Build.0 = Release|Any CPU
	EndGlobalSection
	GlobalSection(SolutionProperties) = preSolution
		HideSolutionNode = FALSE
	EndGlobalSection
	GlobalSection(ExtensibilityGlobals) = postSolution
		SolutionGuid = {0E5460A6-BF72-4D36-AA41-3074767F82F1}
	EndGlobalSection
EndGlobal
